PODS:
  - BSImagePicker (3.3.1)
  - ImageScrollView (1.9.3)
  - IQKeyboardManagerSwift (6.5.9)
  - JGProgressHUD (2.2)
  - Realm (10.20.1):
    - Realm/Headers (= 10.20.1)
  - Realm/Headers (10.20.1)
  - RealmSwift (10.20.1):
    - Realm (= 10.20.1)
  - RxCocoa (6.2.0):
    - RxRelay (= 6.2.0)
    - RxSwift (= 6.2.0)
  - RxRelay (6.2.0):
    - RxSwift (= 6.2.0)
  - RxSwift (6.2.0)
  - SideMenu (6.5.0)
  - SnapKit (5.0.1)
  - Toast-Swift (5.0.1)

DEPENDENCIES:
  - BSImagePicker (~> 3.1)
  - ImageScrollView
  - IQKeyboardManagerSwift
  - JGProgressHUD
  - RealmSwift (~> 10)
  - RxCocoa (= 6.2.0)
  - RxSwift (= 6.2.0)
  - SideMenu (~> 6.0)
  - SnapKit (~> 5.0.0)
  - Toast-Swift (~> 5.0.1)

SPEC REPOS:
  trunk:
    - BSImagePicker
    - ImageScrollView
    - IQKeyboardManagerSwift
    - JGProgressHUD
    - Realm
    - RealmSwift
    - RxCocoa
    - RxRelay
    - RxSwift
    - SideMenu
    - SnapKit
    - Toast-Swift

SPEC CHECKSUMS:
  BSImagePicker: 0fe04b574d4d6b81093785d2af6c26227efc8428
  ImageScrollView: d3ce8371e0d44299b2b638410db45387e18aa83f
  IQKeyboardManagerSwift: 6e839c575c4aa1078d58a596e41244e77abe918f
  JGProgressHUD: d83d7a981b85d11205e19ff8ad5bb9c40571c847
  Realm: fac5ecd031fcb81171627b74944c885662d4b266
  RealmSwift: 9b02d25acb46a14756bde9893abb99e2e3675923
  RxCocoa: 4baf94bb35f2c0ab31bc0cb9f1900155f646ba42
  RxRelay: e72dbfd157807478401ef1982e1c61c945c94b2f
  RxSwift: d356ab7bee873611322f134c5f9ef379fa183d8f
  SideMenu: f583187d21c5b1dd04c72002be544b555a2627a2
  SnapKit: 97b92857e3df3a0c71833cce143274bf6ef8e5eb
  Toast-Swift: 9b6a70f28b3bf0b96c40d46c0c4b9d6639846711

PODFILE CHECKSUM: ee18005bacdab1ed66099cd83473e542856a0da5

COCOAPODS: 1.11.2
